
Microsoft Visual Studio Solution File, Format Version 12.00
Project("{FAE04EC0-301F-11D3-BF4B-00C04F79EFBC}") = "StartDotNetFramework", "StartDotNetFramework\StartDotNetFramework.csproj", "{505763CD-4579-415E-A91D-141D4F33E581}"
EndProject
Global
	GlobalSection(SolutionConfigurationPlatforms) = preSolution
		Debug|Any CPU = Debug|Any CPU
		Release|Any CPU = Release|Any CPU
	EndGlobalSection
	GlobalSection(ProjectConfigurationPlatforms) = postSolution
		{505763CD-4579-415E-A91D-141D4F33E581}.Debug|Any CPU.ActiveCfg = Debug|Any CPU
		{505763CD-4579-415E-A91D-141D4F33E581}.Debug|Any CPU.Build.0 = Debug|Any CPU
		{505763CD-4579-415E-A91D-141D4F33E581}.Release|Any CPU.ActiveCfg = Release|Any CPU
		{505763CD-4579-415E-A91D-141D4F33E581}.Release|Any CPU.Build.0 = Release|Any CPU
	EndGlobalSection
EndGlobal
